
Microsoft Visual Studio Solution File, Format Version 12.00
# Visual Studio Version 16
VisualStudioVersion = 16.0.30114.105
MinimumVisualStudioVersion = 10.0.40219.1
Project("{FAE04EC0-301F-11D3-BF4B-00C04F79EFBC}") = "GanttWPF", "GanttWPF.csproj", "{11AEEA68-DED2-4594-BC7E-E743E8A247D2}"
EndProject
Project("{FAE04EC0-301F-11D3-BF4B-00C04F79EFBC}") = "TestAPP", "TestAPP\TestAPP.csproj", "{366CEF61-CA7C-49D9-B7D2-243C0F603F64}"
EndProject
Global
	GlobalSection(SolutionConfigurationPlatforms) = preSolution
		Debug|Any CPU = Debug|Any CPU
		Release|Any CPU = Release|Any CPU
	EndGlobalSection
	GlobalSection(ProjectConfigurationPlatforms) = postSolution
		{11AEEA68-DED2-4594-BC7E-E743E8A247D2}.Debug|Any CPU.ActiveCfg = Debug|Any CPU
		{11AEEA68-DED2-4594-BC7E-E743E8A247D2}.Debug|Any CPU.Build.0 = Debug|Any CPU
		{11AEEA68-DED2-4594-BC7E-E743E8A247D2}.Release|Any CPU.ActiveCfg = Release|Any CPU
		{11AEEA68-DED2-4594-BC7E-E743E8A247D2}.Release|Any CPU.Build.0 = Release|Any CPU
		{366CEF61-CA7C-49D9-B7D2-243C0F603F64}.Debug|Any CPU.ActiveCfg = Debug|Any CPU
		{366CEF61-CA7C-49D9-B7D2-243C0F603F64}.Debug|Any CPU.Build.0 = Debug|Any CPU
		{366CEF61-CA7C-49D9-B7D2-243C0F603F64}.Release|Any CPU.ActiveCfg = Release|Any CPU
		{366CEF61-CA7C-49D9-B7D2-243C0F603F64}.Release|Any CPU.Build.0 = Release|Any CPU
	EndGlobalSection
	GlobalSection(SolutionProperties) = preSolution
		HideSolutionNode = FALSE
	EndGlobalSection
	GlobalSection(ExtensibilityGlobals) = postSolution
		SolutionGuid = {433CEB43-0680-4A27-B864-31A9D938F301}
	EndGlobalSection
EndGlobal
